
Microsoft Visual Studio Solution File, Format Version 12.00
# Visual Studio Version 17
VisualStudioVersion = 17.1.32421.90
MinimumVisualStudioVersion = 10.0.40219.1
Project("{FAE04EC0-301F-11D3-BF4B-00C04F79EFBC}") = "DatingApp", "DatingApp.csproj", "{DDF8D5E3-F9E7-47AF-9B34-F424F4727ED5}"
EndProject
Global
	GlobalSection(SolutionConfigurationPlatforms) = preSolution
		Debug|Any CPU = Debug|Any CPU
		Release|Any CPU = Release|Any CPU
	EndGlobalSection
	GlobalSection(ProjectConfigurationPlatforms) = postSolution
		{DDF8D5E3-F9E7-47AF-9B34-F424F4727ED5}.Debug|Any CPU.ActiveCfg = Debug|Any CPU
		{DDF8D5E3-F9E7-47AF-9B34-F424F4727ED5}.Debug|Any CPU.Build.0 = Debug|Any CPU
		{DDF8D5E3-F9E7-47AF-9B34-F424F4727ED5}.Release|Any CPU.ActiveCfg = Release|Any CPU
		{DDF8D5E3-F9E7-47AF-9B34-F424F4727ED5}.Release|Any CPU.Build.0 = Release|Any CPU
	EndGlobalSection
	GlobalSection(SolutionProperties) = preSolution
		HideSolutionNode = FALSE
	EndGlobalSection
	GlobalSection(ExtensibilityGlobals) = postSolution
		SolutionGuid = {935B6952-2110-4F5E-81F6-4A3026E85884}
	EndGlobalSection
EndGlobal
